{
  "name": "video-upload",
  "version": "1.0.0",
  "lockfileVersion": 1,
  "requires": true,
  "dependencies": {
    "@heroku/socksv5": {
      "version": "0.0.9",
      "resolved": "https://registry.npmjs.org/@heroku/socksv5/-/socksv5-0.0.9.tgz",
      "integrity": "sha1-ejkFkhE2smZpeaD4a7TwYvZX95M=",
      "requires": {
        "ip-address": "^5.8.8"
      }
    },
    "@jhanssen/options": {
      "version": "1.0.23",
      "resolved": "https://registry.npmjs.org/@jhanssen/options/-/options-1.0.23.tgz",
      "integrity": "sha512-/ePyabJ4avEBJmHJ3sg5khbINMTQVyvTy55Lat/SgPdeaBAEXS3HM/XnuNBTKRotJeRJUp0A4aPQdORkh1KJ7A==",
      "requires": {
        "app-root-path": "^2.1.0",
        "minimist": "^1.2.0",
        "xdg-basedir": "^3.0.0"
      }
    },
    "anymatch": {
      "version": "3.0.3",
      "resolved": "https://registry.npmjs.org/anymatch/-/anymatch-3.0.3.tgz",
      "integrity": "sha512-c6IvoeBECQlMVuYUjSwimnhmztImpErfxJzWZhIQinIvQWoGOnB0dLIgifbPHQt5heS6mNlaZG16f06H3C8t1g==",
      "requires": {
        "normalize-path": "^3.0.0",
        "picomatch": "^2.0.4"
      }
    },
    "app-root-path": {
      "version": "2.2.1",
      "resolved": "https://registry.npmjs.org/app-root-path/-/app-root-path-2.2.1.tgz",
      "integrity": "sha512-91IFKeKk7FjfmezPKkwtaRvSpnUc4gDwPAjA1YZ9Gn0q0PPeW+vbeUsZuyDwjI7+QTHhcLen2v25fi/AmhvbJA=="
    },
    "asn1": {
      "version": "0.2.4",
      "resolved": "https://registry.npmjs.org/asn1/-/asn1-0.2.4.tgz",
      "integrity": "sha512-jxwzQpLQjSmWXgwaCZE9Nz+glAG01yF1QnWgbhGwHI5A6FRIEY6IVqtHhIepHqI7/kyEyQEagBC5mBEFlIYvdg==",
      "requires": {
        "safer-buffer": "~2.1.0"
      }
    },
    "bcrypt-pbkdf": {
      "version": "1.0.2",
      "resolved": "https://registry.npmjs.org/bcrypt-pbkdf/-/bcrypt-pbkdf-1.0.2.tgz",
      "integrity": "sha1-pDAdOJtqQ/m2f/PKEaP2Y342Dp4=",
      "requires": {
        "tweetnacl": "^0.14.3"
      }
    },
    "binary-extensions": {
      "version": "2.0.0",
      "resolved": "https://registry.npmjs.org/binary-extensions/-/binary-extensions-2.0.0.tgz",
      "integrity": "sha512-Phlt0plgpIIBOGTT/ehfFnbNlfsDEiqmzE2KRXoX1bLIlir4X/MR+zSyBEkL05ffWgnRSf/DXv+WrUAVr93/ow=="
    },
    "braces": {
      "version": "3.0.2",
      "resolved": "https://registry.npmjs.org/braces/-/braces-3.0.2.tgz",
      "integrity": "sha512-b8um+L1RzM3WDSzvhm6gIz1yfTbBt6YTlcEKAvsmqCZZFw46z626lVj9j1yEPW33H5H+lBQpZMP1k8l+78Ha0A==",
      "requires": {
        "fill-range": "^7.0.1"
      }
    },
    "chokidar": {
      "version": "3.0.2",
      "resolved": "https://registry.npmjs.org/chokidar/-/chokidar-3.0.2.tgz",
      "integrity": "sha512-c4PR2egjNjI1um6bamCQ6bUNPDiyofNQruHvKgHQ4gDUP/ITSVSzNsiI5OWtHOsX323i5ha/kk4YmOZ1Ktg7KA==",
      "requires": {
        "anymatch": "^3.0.1",
        "braces": "^3.0.2",
        "fsevents": "^2.0.6",
        "glob-parent": "^5.0.0",
        "is-binary-path": "^2.1.0",
        "is-glob": "^4.0.1",
        "normalize-path": "^3.0.0",
        "readdirp": "^3.1.1"
      }
    },
    "core-util-is": {
      "version": "1.0.2",
      "resolved": "https://registry.npmjs.org/core-util-is/-/core-util-is-1.0.2.tgz",
      "integrity": "sha1-tf1UIgqivFq1eqtxQMlAdUUDwac="
    },
    "cpu-features": {
      "version": "0.0.2",
      "resolved": "https://registry.npmjs.org/cpu-features/-/cpu-features-0.0.2.tgz",
      "integrity": "sha512-/2yieBqvMcRj8McNzkycjW2v3OIUOibBfd2dLEJ0nWts8NobAxwiyw9phVNS6oDL8x8tz9F7uNVFEVpJncQpeA==",
      "optional": true,
      "requires": {
        "nan": "^2.14.1"
      }
    },
    "fill-range": {
      "version": "7.0.1",
      "resolved": "https://registry.npmjs.org/fill-range/-/fill-range-7.0.1.tgz",
      "integrity": "sha512-qOo9F+dMUmC2Lcb4BbVvnKJxTPjCm+RRpe4gDuGrzkL7mEVl/djYSu2OdQ2Pa302N4oqkSg9ir6jaLWJ2USVpQ==",
      "requires": {
        "to-regex-range": "^5.0.1"
      }
    },
    "fsevents": {
      "version": "2.0.7",
      "resolved": "https://registry.npmjs.org/fsevents/-/fsevents-2.0.7.tgz",
      "integrity": "sha512-a7YT0SV3RB+DjYcppwVDLtn13UQnmg0SWZS7ezZD0UjnLwXmy8Zm21GMVGLaFGimIqcvyMQaOJBrop8MyOp1kQ==",
      "optional": true
    },
    "glob-parent": {
      "version": "5.0.0",
      "resolved": "https://registry.npmjs.org/glob-parent/-/glob-parent-5.0.0.tgz",
      "integrity": "sha512-Z2RwiujPRGluePM6j699ktJYxmPpJKCfpGA13jz2hmFZC7gKetzrWvg5KN3+OsIFmydGyZ1AVwERCq1w/ZZwRg==",
      "requires": {
        "is-glob": "^4.0.1"
      }
    },
    "inherits": {
      "version": "2.0.4",
      "resolved": "https://registry.npmjs.org/inherits/-/inherits-2.0.4.tgz",
      "integrity": "sha512-k/vGaX4/Yla3WzyMCvTQOXYeIHvqOKtnqBduzTHpzpQZzAskKMhZ2K+EnBiSM9zGSoIFeMpXKxa4dYeZIQqewQ=="
    },
    "ip-address": {
      "version": "5.9.2",
      "resolved": "https://registry.npmjs.org/ip-address/-/ip-address-5.9.2.tgz",
      "integrity": "sha512-7aeFm/7oqo0mMhubTSjZ2Juw/F+WJ3hyfCScNVRQdz5RSRhw1Rj4ZlBFsmEajeKgQDI8asqVs31h8DpxEv7IfQ==",
      "requires": {
        "jsbn": "1.1.0",
        "lodash": "^4.17.11",
        "sprintf-js": "1.1.2"
      }
    },
    "is-binary-path": {
      "version": "2.1.0",
      "resolved": "https://registry.npmjs.org/is-binary-path/-/is-binary-path-2.1.0.tgz",
      "integrity": "sha512-ZMERYes6pDydyuGidse7OsHxtbI7WVeUEozgR/g7rd0xUimYNlvZRE/K2MgZTjWy725IfelLeVcEM97mmtRGXw==",
      "requires": {
        "binary-extensions": "^2.0.0"
      }
    },
    "is-extglob": {
      "version": "2.1.1",
      "resolved": "https://registry.npmjs.org/is-extglob/-/is-extglob-2.1.1.tgz",
      "integrity": "sha1-qIwCU1eR8C7TfHahueqXc8gz+MI="
    },
    "is-glob": {
      "version": "4.0.1",
      "resolved": "https://registry.npmjs.org/is-glob/-/is-glob-4.0.1.tgz",
      "integrity": "sha512-5G0tKtBTFImOqDnLB2hG6Bp2qcKEFduo4tZu9MT/H6NQv/ghhy30o55ufafxJ/LdH79LLs2Kfrn85TLKyA7BUg==",
      "requires": {
        "is-extglob": "^2.1.1"
      }
    },
    "is-number": {
      "version": "7.0.0",
      "resolved": "https://registry.npmjs.org/is-number/-/is-number-7.0.0.tgz",
      "integrity": "sha512-41Cifkg6e8TylSpdtTpeLVMqvSBEVzTttHvERD741+pnZ8ANv0004MRL43QKPDlK9cGvNp6NZWZUBlbGXYxxng=="
    },
    "isarray": {
      "version": "1.0.0",
      "resolved": "https://registry.npmjs.org/isarray/-/isarray-1.0.0.tgz",
      "integrity": "sha1-u5NdSFgsuhaMBoNJV6VKPgcSTxE="
    },
    "jsbn": {
      "version": "1.1.0",
      "resolved": "https://registry.npmjs.org/jsbn/-/jsbn-1.1.0.tgz",
      "integrity": "sha1-sBMHyym2GKHtJux56RH4A8TaAEA="
    },
    "lodash": {
      "version": "4.17.19",
      "resolved": "https://registry.npmjs.org/lodash/-/lodash-4.17.19.tgz",
      "integrity": "sha512-JNvd8XER9GQX0v2qJgsaN/mzFCNA5BRe/j8JN9d+tWyGLSodKQHKFicdwNYzWwI3wjRnaKPsGj1XkBjx/F96DQ=="
    },
    "minimist": {
      "version": "1.2.5",
      "resolved": "https://registry.npmjs.org/minimist/-/minimist-1.2.5.tgz",
      "integrity": "sha512-FM9nNUYrRBAELZQT3xeZQ7fmMOBg6nWNmJKTcgsJeaLstP/UODVpGsr5OhXhhXg6f+qtJ8uiZ+PUxkDWcgIXLw=="
    },
    "nan": {
      "version": "2.15.0",
      "resolved": "https://registry.npmjs.org/nan/-/nan-2.15.0.tgz",
      "integrity": "sha512-8ZtvEnA2c5aYCZYd1cvgdnU6cqwixRoYg70xPLWUws5ORTa/lnw+u4amixRS/Ac5U5mQVgp9pnlSUnbNWFaWZQ==",
      "optional": true
    },
    "normalize-path": {
      "version": "3.0.0",
      "resolved": "https://registry.npmjs.org/normalize-path/-/normalize-path-3.0.0.tgz",
      "integrity": "sha512-6eZs5Ls3WtCisHWp9S2GUy8dqkpGi4BVSz3GaqiE6ezub0512ESztXUwUB6C6IKbQkY2Pnb/mD4WYojCRwcwLA=="
    },
    "picomatch": {
      "version": "2.0.7",
      "resolved": "https://registry.npmjs.org/picomatch/-/picomatch-2.0.7.tgz",
      "integrity": "sha512-oLHIdio3tZ0qH76NybpeneBhYVj0QFTfXEFTc/B3zKQspYfYYkWYgFsmzo+4kvId/bQRcNkVeguI3y+CD22BtA=="
    },
    "process-nextick-args": {
      "version": "2.0.1",
      "resolved": "https://registry.npmjs.org/process-nextick-args/-/process-nextick-args-2.0.1.tgz",
      "integrity": "sha512-3ouUOpQhtgrbOa17J7+uxOTpITYWaGP7/AhoR3+A+/1e9skrzelGi/dXzEYyvbxubEF6Wn2ypscTKiKJFFn1ag=="
    },
    "progress-stream": {
      "version": "2.0.0",
      "resolved": "https://registry.npmjs.org/progress-stream/-/progress-stream-2.0.0.tgz",
      "integrity": "sha1-+sY6Cz0R3qy7CWmrzJOyFLzhntU=",
      "requires": {
        "speedometer": "~1.0.0",
        "through2": "~2.0.3"
      }
    },
    "readable-stream": {
      "version": "2.3.6",
      "resolved": "https://registry.npmjs.org/readable-stream/-/readable-stream-2.3.6.tgz",
      "integrity": "sha512-tQtKA9WIAhBF3+VLAseyMqZeBjW0AHJoxOtYqSUZNJxauErmLbVm2FW1y+J/YA9dUrAC39ITejlZWhVIwawkKw==",
      "requires": {
        "core-util-is": "~1.0.0",
        "inherits": "~2.0.3",
        "isarray": "~1.0.0",
        "process-nextick-args": "~2.0.0",
        "safe-buffer": "~5.1.1",
        "string_decoder": "~1.1.1",
        "util-deprecate": "~1.0.1"
      }
    },
    "readdirp": {
      "version": "3.1.1",
      "resolved": "https://registry.npmjs.org/readdirp/-/readdirp-3.1.1.tgz",
      "integrity": "sha512-XXdSXZrQuvqoETj50+JAitxz1UPdt5dupjT6T5nVB+WvjMv2XKYj+s7hPeAVCXvmJrL36O4YYyWlIC3an2ePiQ==",
      "requires": {
        "picomatch": "^2.0.4"
      }
    },
    "safe-buffer": {
      "version": "5.1.2",
      "resolved": "https://registry.npmjs.org/safe-buffer/-/safe-buffer-5.1.2.tgz",
      "integrity": "sha512-Gd2UZBJDkXlY7GbJxfsE8/nvKkUEU1G38c1siN6QP6a9PT9MmHB8GnpscSmMJSoF8LOIrt8ud/wPtojys4G6+g=="
    },
    "safer-buffer": {
      "version": "2.1.2",
      "resolved": "https://registry.npmjs.org/safer-buffer/-/safer-buffer-2.1.2.tgz",
      "integrity": "sha512-YZo3K82SD7Riyi0E1EQPojLz7kpepnSQI9IyPbHHg1XXXevb5dJI7tpyN2ADxGcQbHG7vcyRHk0cbwqcQriUtg=="
    },
    "speedometer": {
      "version": "1.0.0",
      "resolved": "https://registry.npmjs.org/speedometer/-/speedometer-1.0.0.tgz",
      "integrity": "sha1-zWccsGdSwivKM3Di8zREC+T8YuI="
    },
    "sprintf-js": {
      "version": "1.1.2",
      "resolved": "https://registry.npmjs.org/sprintf-js/-/sprintf-js-1.1.2.tgz",
      "integrity": "sha512-VE0SOVEHCk7Qc8ulkWw3ntAzXuqf7S2lvwQaDLRnUeIEaKNQJzV6BwmLKhOqT61aGhfUMrXeaBk+oDGCzvhcug=="
    },
    "ssh2": {
      "version": "1.4.0",
      "resolved": "https://registry.npmjs.org/ssh2/-/ssh2-1.4.0.tgz",
      "integrity": "sha512-XvXwcXKvS452DyQvCa6Ct+chpucwc/UyxgliYz+rWXJ3jDHdtBb9xgmxJdMmnIn5bpgGAEV3KaEsH98ZGPHqwg==",
      "requires": {
        "asn1": "^0.2.4",
        "bcrypt-pbkdf": "^1.0.2",
        "cpu-features": "0.0.2",
        "nan": "^2.15.0"
      }
    },
    "ssh2-promise": {
      "version": "0.1.5",
      "resolved": "https://registry.npmjs.org/ssh2-promise/-/ssh2-promise-0.1.5.tgz",
      "integrity": "sha512-V3XH2+nIPcgcxeIiLwz880V1nw5Q6Lem9o1WsV6KAoKivnvz/Vn6YEDUsa8h7SzgzeuijL0cS/umiagFyv40MQ==",
      "requires": {
        "@heroku/socksv5": "^0.0.9",
        "ssh2": "^0.8.4"
      },
      "dependencies": {
        "ssh2": {
          "version": "0.8.9",
          "resolved": "https://registry.npmjs.org/ssh2/-/ssh2-0.8.9.tgz",
          "integrity": "sha512-GmoNPxWDMkVpMFa9LVVzQZHF6EW3WKmBwL+4/GeILf2hFmix5Isxm7Amamo8o7bHiU0tC+wXsGcUXOxp8ChPaw==",
          "requires": {
            "ssh2-streams": "~0.4.10"
          }
        }
      }
    },
    "ssh2-streams": {
      "version": "0.4.10",
      "resolved": "https://registry.npmjs.org/ssh2-streams/-/ssh2-streams-0.4.10.tgz",
      "integrity": "sha512-8pnlMjvnIZJvmTzUIIA5nT4jr2ZWNNVHwyXfMGdRJbug9TpI3kd99ffglgfSWqujVv/0gxwMsDn9j9RVst8yhQ==",
      "requires": {
        "asn1": "~0.2.0",
        "bcrypt-pbkdf": "^1.0.2",
        "streamsearch": "~0.1.2"
      }
    },
    "streamsearch": {
      "version": "0.1.2",
      "resolved": "https://registry.npmjs.org/streamsearch/-/streamsearch-0.1.2.tgz",
      "integrity": "sha1-gIudDlb8Jz2Am6VzOOkpkZoanxo="
    },
    "string_decoder": {
      "version": "1.1.1",
      "resolved": "https://registry.npmjs.org/string_decoder/-/string_decoder-1.1.1.tgz",
      "integrity": "sha512-n/ShnvDi6FHbbVfviro+WojiFzv+s8MPMHBczVePfUpDJLwoLT0ht1l4YwBCbi8pJAveEEdnkHyPyTP/mzRfwg==",
      "requires": {
        "safe-buffer": "~5.1.0"
      }
    },
    "through2": {
      "version": "2.0.5",
      "resolved": "https://registry.npmjs.org/through2/-/through2-2.0.5.tgz",
      "integrity": "sha512-/mrRod8xqpA+IHSLyGCQ2s8SPHiCDEeQJSep1jqLYeEUClOFG2Qsh+4FU6G9VeqpZnGW/Su8LQGc4YKni5rYSQ==",
      "requires": {
        "readable-stream": "~2.3.6",
        "xtend": "~4.0.1"
      }
    },
    "to-regex-range": {
      "version": "5.0.1",
      "resolved": "https://registry.npmjs.org/to-regex-range/-/to-regex-range-5.0.1.tgz",
      "integrity": "sha512-65P7iz6X5yEr1cwcgvQxbbIw7Uk3gOy5dIdtZ4rDveLqhrdJP+Li/Hx6tyK0NEb+2GCyneCMJiGqrADCSNk8sQ==",
      "requires": {
        "is-number": "^7.0.0"
      }
    },
    "tweetnacl": {
      "version": "0.14.5",
      "resolved": "https://registry.npmjs.org/tweetnacl/-/tweetnacl-0.14.5.tgz",
      "integrity": "sha1-WuaBd/GS1EViadEIr6k/+HQ/T2Q="
    },
    "util-deprecate": {
      "version": "1.0.2",
      "resolved": "https://registry.npmjs.org/util-deprecate/-/util-deprecate-1.0.2.tgz",
      "integrity": "sha1-RQ1Nyfpw3nMnYvvS1KKJgUGaDM8="
    },
    "xdg-basedir": {
      "version": "3.0.0",
      "resolved": "https://registry.npmjs.org/xdg-basedir/-/xdg-basedir-3.0.0.tgz",
      "integrity": "sha1-SWsswQnsqNus/i3HK2A8F8WHCtQ="
    },
    "xtend": {
      "version": "4.0.2",
      "resolved": "https://registry.npmjs.org/xtend/-/xtend-4.0.2.tgz",
      "integrity": "sha512-LKYU1iAXJXUgAXn9URjiu+MWhyUXHsvfp7mcuYm9dSUKK0/CjtrUwFAxD82/mCWbtLsGjFIad0wIsod4zrTAEQ=="
    }
  }
}
